
Microsoft Visual Studio Solution File, Format Version 12.00
# Visual Studio Version 17
VisualStudioVersion = 17.0.32014.148
MinimumVisualStudioVersion = 10.0.40219.1
Project("{FAE04EC0-301F-11D3-BF4B-00C04F79EFBC}") = "CityInfo.Api", "CityInfo.Api\CityInfo.Api.csproj", "{631D39DA-8499-4B51-96E2-187B8580E60F}"
EndProject
Global
	GlobalSection(SolutionConfigurationPlatforms) = preSolution
		Debug|Any CPU = Debug|Any CPU
		Release|Any CPU = Release|Any CPU
	EndGlobalSection
	GlobalSection(ProjectConfigurationPlatforms) = postSolution
		{631D39DA-8499-4B51-96E2-187B8580E60F}.Debug|Any CPU.ActiveCfg = Debug|Any CPU
		{631D39DA-8499-4B51-96E2-187B8580E60F}.Debug|Any CPU.Build.0 = Debug|Any CPU
		{631D39DA-8499-4B51-96E2-187B8580E60F}.Release|Any CPU.ActiveCfg = Release|Any CPU
		{631D39DA-8499-4B51-96E2-187B8580E60F}.Release|Any CPU.Build.0 = Release|Any CPU
	EndGlobalSection
	GlobalSection(SolutionProperties) = preSolution
		HideSolutionNode = FALSE
	EndGlobalSection
	GlobalSection(ExtensibilityGlobals) = postSolution
		SolutionGuid = {60EDB884-72BE-4565-BEB7-6F0B79CD525C}
	EndGlobalSection
EndGlobal
